
Microsoft Visual Studio Solution File, Format Version 12.00
# Visual Studio 2013
VisualStudioVersion = 12.0.31101.0
MinimumVisualStudioVersion = 10.0.40219.1
Project("{FAE04EC0-301F-11D3-BF4B-00C04F79EFBC}") = "MiWebApi", "MiWebApi\MiWebApi.csproj", "{B7080513-6731-4CA0-A1E2-0DF1057F995B}"
EndProject
Project("{FAE04EC0-301F-11D3-BF4B-00C04F79EFBC}") = "Datos", "Datos\Datos.csproj", "{8642D741-FAF8-4243-88AC-1DC05240B0F7}"
EndProject
Project("{FAE04EC0-301F-11D3-BF4B-00C04F79EFBC}") = "Infraestructura", "Infraestructura\Infraestructura.csproj", "{89C77C96-2584-4BEC-AD0F-B20E7DDB0842}"
EndProject
Global
	GlobalSection(SolutionConfigurationPlatforms) = preSolution
		Debug|Any CPU = Debug|Any CPU
		Release|Any CPU = Release|Any CPU
	EndGlobalSection
	GlobalSection(ProjectConfigurationPlatforms) = postSolution
		{B7080513-6731-4CA0-A1E2-0DF1057F995B}.Debug|Any CPU.ActiveCfg = Debug|Any CPU
		{B7080513-6731-4CA0-A1E2-0DF1057F995B}.Debug|Any CPU.Build.0 = Debug|Any CPU
		{B7080513-6731-4CA0-A1E2-0DF1057F995B}.Release|Any CPU.ActiveCfg = Release|Any CPU
		{B7080513-6731-4CA0-A1E2-0DF1057F995B}.Release|Any CPU.Build.0 = Release|Any CPU
		{8642D741-FAF8-4243-88AC-1DC05240B0F7}.Debug|Any CPU.ActiveCfg = Debug|Any CPU
		{8642D741-FAF8-4243-88AC-1DC05240B0F7}.Debug|Any CPU.Build.0 = Debug|Any CPU
		{8642D741-FAF8-4243-88AC-1DC05240B0F7}.Release|Any CPU.ActiveCfg = Release|Any CPU
		{8642D741-FAF8-4243-88AC-1DC05240B0F7}.Release|Any CPU.Build.0 = Release|Any CPU
		{89C77C96-2584-4BEC-AD0F-B20E7DDB0842}.Debug|Any CPU.ActiveCfg = Debug|Any CPU
		{89C77C96-2584-4BEC-AD0F-B20E7DDB0842}.Debug|Any CPU.Build.0 = Debug|Any CPU
		{89C77C96-2584-4BEC-AD0F-B20E7DDB0842}.Release|Any CPU.ActiveCfg = Release|Any CPU
		{89C77C96-2584-4BEC-AD0F-B20E7DDB0842}.Release|Any CPU.Build.0 = Release|Any CPU
	EndGlobalSection
	GlobalSection(SolutionProperties) = preSolution
		HideSolutionNode = FALSE
	EndGlobalSection
EndGlobal
